
Microsoft Visual Studio Solution File, Format Version 12.00
# Visual Studio Version 16
VisualStudioVersion = 16.0.30503.244
MinimumVisualStudioVersion = 10.0.40219.1
Project("{FAE04EC0-301F-11D3-BF4B-00C04F79EFBC}") = "Quanlysach", "Quanlysach.csproj", "{DE1377CF-E09C-41CE-B739-AB2E382714C4}"
EndProject
Global
	GlobalSection(SolutionConfigurationPlatforms) = preSolution
		Debug|Any CPU = Debug|Any CPU
		Release|Any CPU = Release|Any CPU
	EndGlobalSection
	GlobalSection(ProjectConfigurationPlatforms) = postSolution
		{DE1377CF-E09C-41CE-B739-AB2E382714C4}.Debug|Any CPU.ActiveCfg = Debug|Any CPU
		{DE1377CF-E09C-41CE-B739-AB2E382714C4}.Debug|Any CPU.Build.0 = Debug|Any CPU
		{DE1377CF-E09C-41CE-B739-AB2E382714C4}.Release|Any CPU.ActiveCfg = Release|Any CPU
		{DE1377CF-E09C-41CE-B739-AB2E382714C4}.Release|Any CPU.Build.0 = Release|Any CPU
	EndGlobalSection
	GlobalSection(SolutionProperties) = preSolution
		HideSolutionNode = FALSE
	EndGlobalSection
	GlobalSection(ExtensibilityGlobals) = postSolution
		SolutionGuid = {E294F64C-D22A-442C-B939-E044DD3EB107}
	EndGlobalSection
EndGlobal
